
Microsoft Visual Studio Solution File, Format Version 12.00
# Visual Studio Version 17
VisualStudioVersion = 17.4.33213.308
MinimumVisualStudioVersion = 10.0.40219.1
Project("{FAE04EC0-301F-11D3-BF4B-00C04F79EFBC}") = "LogicGame", "LogicGame\LogicGame.csproj", "{41C295F6-AB27-4972-9316-93AF6B72DAC4}"
EndProject
Global
	GlobalSection(SolutionConfigurationPlatforms) = preSolution
		Debug|Any CPU = Debug|Any CPU
		Release|Any CPU = Release|Any CPU
	EndGlobalSection
	GlobalSection(ProjectConfigurationPlatforms) = postSolution
		{41C295F6-AB27-4972-9316-93AF6B72DAC4}.Debug|Any CPU.ActiveCfg = Debug|Any CPU
		{41C295F6-AB27-4972-9316-93AF6B72DAC4}.Debug|Any CPU.Build.0 = Debug|Any CPU
		{41C295F6-AB27-4972-9316-93AF6B72DAC4}.Release|Any CPU.ActiveCfg = Release|Any CPU
		{41C295F6-AB27-4972-9316-93AF6B72DAC4}.Release|Any CPU.Build.0 = Release|Any CPU
	EndGlobalSection
	GlobalSection(SolutionProperties) = preSolution
		HideSolutionNode = FALSE
	EndGlobalSection
	GlobalSection(ExtensibilityGlobals) = postSolution
		SolutionGuid = {CE9E2A80-DE24-4324-A483-3F3A1550BF46}
	EndGlobalSection
EndGlobal
